PODS:
  - Alamofire (5.4.4)
  - FLEX (4.6.0)
  - Moya/Combine (15.0.0):
    - Moya/Core
  - Moya/Core (15.0.0):
    - Alamofire (~> 5.0)

DEPENDENCIES:
  - FLEX
  - Moya/Combine (~> 15.0)

SPEC REPOS:
  trunk:
    - Alamofire
    - FLEX
    - Moya

SPEC CHECKSUMS:
  Alamofire: f3b09a368f1582ab751b3fff5460276e0d2cf5c9
  FLEX: 6223ad3d853fb6177a6ab1cda85f372a72768da8
  Moya: 138f0573e53411fb3dc17016add0b748dfbd78ee

PODFILE CHECKSUM: 5f0619db5a214667858aa6e28d134cd93de3ea1e

COCOAPODS: 1.10.1
